
Microsoft Visual Studio Solution File, Format Version 12.00
# Visual Studio Version 17
VisualStudioVersion = 17.4.33213.308
MinimumVisualStudioVersion = 10.0.40219.1
Project("{FAE04EC0-301F-11D3-BF4B-00C04F79EFBC}") = "IoTSoftware", "IoTSoftware\IoTSoftware.csproj", "{DACCBD4E-EB62-4478-A639-A869A83A5EFC}"
EndProject
Global
	GlobalSection(SolutionConfigurationPlatforms) = preSolution
		Debug|Any CPU = Debug|Any CPU
		Release|Any CPU = Release|Any CPU
	EndGlobalSection
	GlobalSection(ProjectConfigurationPlatforms) = postSolution
		{DACCBD4E-EB62-4478-A639-A869A83A5EFC}.Debug|Any CPU.ActiveCfg = Debug|Any CPU
		{DACCBD4E-EB62-4478-A639-A869A83A5EFC}.Debug|Any CPU.Build.0 = Debug|Any CPU
		{DACCBD4E-EB62-4478-A639-A869A83A5EFC}.Release|Any CPU.ActiveCfg = Release|Any CPU
		{DACCBD4E-EB62-4478-A639-A869A83A5EFC}.Release|Any CPU.Build.0 = Release|Any CPU
	EndGlobalSection
	GlobalSection(SolutionProperties) = preSolution
		HideSolutionNode = FALSE
	EndGlobalSection
	GlobalSection(ExtensibilityGlobals) = postSolution
		SolutionGuid = {41F85DD6-9E05-4B47-9D96-D62136CB2F44}
	EndGlobalSection
EndGlobal
